
Microsoft Visual Studio Solution File, Format Version 12.00
# Visual Studio Version 17
VisualStudioVersion = 17.2.32630.192
MinimumVisualStudioVersion = 10.0.40219.1
Project("{FAE04EC0-301F-11D3-BF4B-00C04F79EFBC}") = "n1_2bi_exe13", "n1_2bi_exe13\n1_2bi_exe13.csproj", "{C8F16488-EE9B-407D-8AF2-E1940B660B24}"
EndProject
Global
	GlobalSection(SolutionConfigurationPlatforms) = preSolution
		Debug|Any CPU = Debug|Any CPU
		Release|Any CPU = Release|Any CPU
	EndGlobalSection
	GlobalSection(ProjectConfigurationPlatforms) = postSolution
		{C8F16488-EE9B-407D-8AF2-E1940B660B24}.Debug|Any CPU.ActiveCfg = Debug|Any CPU
		{C8F16488-EE9B-407D-8AF2-E1940B660B24}.Debug|Any CPU.Build.0 = Debug|Any CPU
		{C8F16488-EE9B-407D-8AF2-E1940B660B24}.Release|Any CPU.ActiveCfg = Release|Any CPU
		{C8F16488-EE9B-407D-8AF2-E1940B660B24}.Release|Any CPU.Build.0 = Release|Any CPU
	EndGlobalSection
	GlobalSection(SolutionProperties) = preSolution
		HideSolutionNode = FALSE
	EndGlobalSection
	GlobalSection(ExtensibilityGlobals) = postSolution
		SolutionGuid = {E53843C1-2730-4B9D-B1EC-D913DC231C98}
	EndGlobalSection
EndGlobal
