
Microsoft Visual Studio Solution File, Format Version 12.00
# Visual Studio Version 17
VisualStudioVersion = 17.2.32630.192
MinimumVisualStudioVersion = 10.0.40219.1
Project("{FAE04EC0-301F-11D3-BF4B-00C04F79EFBC}") = "EX07_lista_exercicio", "EX07_lista_exercicio\EX07_lista_exercicio.csproj", "{67DEF3ED-AC14-41FB-A5C1-433634E7340E}"
EndProject
Global
	GlobalSection(SolutionConfigurationPlatforms) = preSolution
		Debug|Any CPU = Debug|Any CPU
		Release|Any CPU = Release|Any CPU
	EndGlobalSection
	GlobalSection(ProjectConfigurationPlatforms) = postSolution
		{67DEF3ED-AC14-41FB-A5C1-433634E7340E}.Debug|Any CPU.ActiveCfg = Debug|Any CPU
		{67DEF3ED-AC14-41FB-A5C1-433634E7340E}.Debug|Any CPU.Build.0 = Debug|Any CPU
		{67DEF3ED-AC14-41FB-A5C1-433634E7340E}.Release|Any CPU.ActiveCfg = Release|Any CPU
		{67DEF3ED-AC14-41FB-A5C1-433634E7340E}.Release|Any CPU.Build.0 = Release|Any CPU
	EndGlobalSection
	GlobalSection(SolutionProperties) = preSolution
		HideSolutionNode = FALSE
	EndGlobalSection
	GlobalSection(ExtensibilityGlobals) = postSolution
		SolutionGuid = {A7B767B3-5FD9-48BE-8051-785996B51F38}
	EndGlobalSection
EndGlobal
