
Microsoft Visual Studio Solution File, Format Version 12.00
# Visual Studio Version 16
VisualStudioVersion = 16.0.32929.386
MinimumVisualStudioVersion = 10.0.40219.1
Project("{FAE04EC0-301F-11D3-BF4B-00C04F79EFBC}") = "EX42_lista de exercicio", "EX42_lista de exercicio\EX42_lista de exercicio.csproj", "{32382350-A59C-4D6E-A0D8-27A590E26158}"
EndProject
Global
	GlobalSection(SolutionConfigurationPlatforms) = preSolution
		Debug|Any CPU = Debug|Any CPU
		Release|Any CPU = Release|Any CPU
	EndGlobalSection
	GlobalSection(ProjectConfigurationPlatforms) = postSolution
		{32382350-A59C-4D6E-A0D8-27A590E26158}.Debug|Any CPU.ActiveCfg = Debug|Any CPU
		{32382350-A59C-4D6E-A0D8-27A590E26158}.Debug|Any CPU.Build.0 = Debug|Any CPU
		{32382350-A59C-4D6E-A0D8-27A590E26158}.Release|Any CPU.ActiveCfg = Release|Any CPU
		{32382350-A59C-4D6E-A0D8-27A590E26158}.Release|Any CPU.Build.0 = Release|Any CPU
	EndGlobalSection
	GlobalSection(SolutionProperties) = preSolution
		HideSolutionNode = FALSE
	EndGlobalSection
	GlobalSection(ExtensibilityGlobals) = postSolution
		SolutionGuid = {2C4F2342-977E-4249-A746-95C9B75BC2E9}
	EndGlobalSection
EndGlobal
