
Microsoft Visual Studio Solution File, Format Version 12.00
# Visual Studio Version 16
VisualStudioVersion = 16.0.32929.386
MinimumVisualStudioVersion = 10.0.40219.1
Project("{FAE04EC0-301F-11D3-BF4B-00C04F79EFBC}") = "Exercicio_1_da prova", "Exercicio_1_da prova\Exercicio_1_da prova.csproj", "{20754DC8-95A6-4DAC-9AAB-2DA5BAEBAD34}"
EndProject
Global
	GlobalSection(SolutionConfigurationPlatforms) = preSolution
		Debug|Any CPU = Debug|Any CPU
		Release|Any CPU = Release|Any CPU
	EndGlobalSection
	GlobalSection(ProjectConfigurationPlatforms) = postSolution
		{20754DC8-95A6-4DAC-9AAB-2DA5BAEBAD34}.Debug|Any CPU.ActiveCfg = Debug|Any CPU
		{20754DC8-95A6-4DAC-9AAB-2DA5BAEBAD34}.Debug|Any CPU.Build.0 = Debug|Any CPU
		{20754DC8-95A6-4DAC-9AAB-2DA5BAEBAD34}.Release|Any CPU.ActiveCfg = Release|Any CPU
		{20754DC8-95A6-4DAC-9AAB-2DA5BAEBAD34}.Release|Any CPU.Build.0 = Release|Any CPU
	EndGlobalSection
	GlobalSection(SolutionProperties) = preSolution
		HideSolutionNode = FALSE
	EndGlobalSection
	GlobalSection(ExtensibilityGlobals) = postSolution
		SolutionGuid = {F832C9ED-B8D4-472A-BCDA-0E10FE21A031}
	EndGlobalSection
EndGlobal
