
Microsoft Visual Studio Solution File, Format Version 12.00
# Visual Studio Version 17
VisualStudioVersion = 17.5.33424.131
MinimumVisualStudioVersion = 10.0.40219.1
Project("{FAE04EC0-301F-11D3-BF4B-00C04F79EFBC}") = "Atividade_sistema_biblioteca_20230404", "Atividade_sistema_biblioteca_20230404\Atividade_sistema_biblioteca_20230404.csproj", "{E9F61784-5E98-486D-B1F8-150CC3459387}"
EndProject
Global
	GlobalSection(SolutionConfigurationPlatforms) = preSolution
		Debug|Any CPU = Debug|Any CPU
		Release|Any CPU = Release|Any CPU
	EndGlobalSection
	GlobalSection(ProjectConfigurationPlatforms) = postSolution
		{E9F61784-5E98-486D-B1F8-150CC3459387}.Debug|Any CPU.ActiveCfg = Debug|Any CPU
		{E9F61784-5E98-486D-B1F8-150CC3459387}.Debug|Any CPU.Build.0 = Debug|Any CPU
		{E9F61784-5E98-486D-B1F8-150CC3459387}.Release|Any CPU.ActiveCfg = Release|Any CPU
		{E9F61784-5E98-486D-B1F8-150CC3459387}.Release|Any CPU.Build.0 = Release|Any CPU
	EndGlobalSection
	GlobalSection(SolutionProperties) = preSolution
		HideSolutionNode = FALSE
	EndGlobalSection
	GlobalSection(ExtensibilityGlobals) = postSolution
		SolutionGuid = {84D35AE5-7138-4295-999D-051859231910}
	EndGlobalSection
EndGlobal
