
Microsoft Visual Studio Solution File, Format Version 12.00
# Visual Studio Version 16
VisualStudioVersion = 16.0.32929.386
MinimumVisualStudioVersion = 10.0.40219.1
Project("{FAE04EC0-301F-11D3-BF4B-00C04F79EFBC}") = "EX29_lista_exercicio", "EX29_lista_exercicio\EX29_lista_exercicio.csproj", "{FCE6C5CB-658F-4D45-ACD9-48828069857B}"
EndProject
Global
	GlobalSection(SolutionConfigurationPlatforms) = preSolution
		Debug|Any CPU = Debug|Any CPU
		Release|Any CPU = Release|Any CPU
	EndGlobalSection
	GlobalSection(ProjectConfigurationPlatforms) = postSolution
		{FCE6C5CB-658F-4D45-ACD9-48828069857B}.Debug|Any CPU.ActiveCfg = Debug|Any CPU
		{FCE6C5CB-658F-4D45-ACD9-48828069857B}.Debug|Any CPU.Build.0 = Debug|Any CPU
		{FCE6C5CB-658F-4D45-ACD9-48828069857B}.Release|Any CPU.ActiveCfg = Release|Any CPU
		{FCE6C5CB-658F-4D45-ACD9-48828069857B}.Release|Any CPU.Build.0 = Release|Any CPU
	EndGlobalSection
	GlobalSection(SolutionProperties) = preSolution
		HideSolutionNode = FALSE
	EndGlobalSection
	GlobalSection(ExtensibilityGlobals) = postSolution
		SolutionGuid = {B76BBA47-81C2-4DAD-939E-A446A9E7CC24}
	EndGlobalSection
EndGlobal
