
Microsoft Visual Studio Solution File, Format Version 12.00
# Visual Studio Version 16
VisualStudioVersion = 16.0.32929.386
MinimumVisualStudioVersion = 10.0.40219.1
Project("{FAE04EC0-301F-11D3-BF4B-00C04F79EFBC}") = "Ex28_lista_exercicio", "Ex28_lista_exercicio\Ex28_lista_exercicio.csproj", "{0624E3AB-36BD-4E72-9310-BCAA8B12466A}"
EndProject
Global
	GlobalSection(SolutionConfigurationPlatforms) = preSolution
		Debug|Any CPU = Debug|Any CPU
		Release|Any CPU = Release|Any CPU
	EndGlobalSection
	GlobalSection(ProjectConfigurationPlatforms) = postSolution
		{0624E3AB-36BD-4E72-9310-BCAA8B12466A}.Debug|Any CPU.ActiveCfg = Debug|Any CPU
		{0624E3AB-36BD-4E72-9310-BCAA8B12466A}.Debug|Any CPU.Build.0 = Debug|Any CPU
		{0624E3AB-36BD-4E72-9310-BCAA8B12466A}.Release|Any CPU.ActiveCfg = Release|Any CPU
		{0624E3AB-36BD-4E72-9310-BCAA8B12466A}.Release|Any CPU.Build.0 = Release|Any CPU
	EndGlobalSection
	GlobalSection(SolutionProperties) = preSolution
		HideSolutionNode = FALSE
	EndGlobalSection
	GlobalSection(ExtensibilityGlobals) = postSolution
		SolutionGuid = {30EDE1A6-1E48-40B4-8191-B9F96FE96B11}
	EndGlobalSection
EndGlobal
