
Microsoft Visual Studio Solution File, Format Version 12.00
# Visual Studio Version 16
VisualStudioVersion = 16.0.33214.272
MinimumVisualStudioVersion = 10.0.40219.1
Project("{FAE04EC0-301F-11D3-BF4B-00C04F79EFBC}") = "App_barbearia_topBarber", "App_barbearia_topBarber\App_barbearia_topBarber.csproj", "{AE05A55C-CEC5-4E57-AEAE-A5ADEC9C107B}"
EndProject
Global
	GlobalSection(SolutionConfigurationPlatforms) = preSolution
		Debug|Any CPU = Debug|Any CPU
		Release|Any CPU = Release|Any CPU
	EndGlobalSection
	GlobalSection(ProjectConfigurationPlatforms) = postSolution
		{AE05A55C-CEC5-4E57-AEAE-A5ADEC9C107B}.Debug|Any CPU.ActiveCfg = Debug|Any CPU
		{AE05A55C-CEC5-4E57-AEAE-A5ADEC9C107B}.Debug|Any CPU.Build.0 = Debug|Any CPU
		{AE05A55C-CEC5-4E57-AEAE-A5ADEC9C107B}.Release|Any CPU.ActiveCfg = Release|Any CPU
		{AE05A55C-CEC5-4E57-AEAE-A5ADEC9C107B}.Release|Any CPU.Build.0 = Release|Any CPU
	EndGlobalSection
	GlobalSection(SolutionProperties) = preSolution
		HideSolutionNode = FALSE
	EndGlobalSection
	GlobalSection(ExtensibilityGlobals) = postSolution
		SolutionGuid = {385ED1C0-9766-4123-81BA-920DBD62E2A4}
	EndGlobalSection
EndGlobal
