
Microsoft Visual Studio Solution File, Format Version 12.00
# Visual Studio Version 17
VisualStudioVersion = 17.5.33424.131
MinimumVisualStudioVersion = 10.0.40219.1
Project("{FAE04EC0-301F-11D3-BF4B-00C04F79EFBC}") = "Instrucao_goto_20230404", "Instrucao_goto_20230404\Instrucao_goto_20230404.csproj", "{4196C8A5-9815-4C98-93D7-B81CC251D970}"
EndProject
Global
	GlobalSection(SolutionConfigurationPlatforms) = preSolution
		Debug|Any CPU = Debug|Any CPU
		Release|Any CPU = Release|Any CPU
	EndGlobalSection
	GlobalSection(ProjectConfigurationPlatforms) = postSolution
		{4196C8A5-9815-4C98-93D7-B81CC251D970}.Debug|Any CPU.ActiveCfg = Debug|Any CPU
		{4196C8A5-9815-4C98-93D7-B81CC251D970}.Debug|Any CPU.Build.0 = Debug|Any CPU
		{4196C8A5-9815-4C98-93D7-B81CC251D970}.Release|Any CPU.ActiveCfg = Release|Any CPU
		{4196C8A5-9815-4C98-93D7-B81CC251D970}.Release|Any CPU.Build.0 = Release|Any CPU
	EndGlobalSection
	GlobalSection(SolutionProperties) = preSolution
		HideSolutionNode = FALSE
	EndGlobalSection
	GlobalSection(ExtensibilityGlobals) = postSolution
		SolutionGuid = {5C0DDBDB-1CFD-4735-A287-0CAFC425D9FA}
	EndGlobalSection
EndGlobal
