
Microsoft Visual Studio Solution File, Format Version 12.00
# Visual Studio Version 17
VisualStudioVersion = 17.2.32630.192
MinimumVisualStudioVersion = 10.0.40219.1
Project("{FAE04EC0-301F-11D3-BF4B-00C04F79EFBC}") = "N1_2bi_exe10", "N1_2bi_exe10\N1_2bi_exe10.csproj", "{927B5F9A-2F1E-4225-8498-141B319AC6C8}"
EndProject
Global
	GlobalSection(SolutionConfigurationPlatforms) = preSolution
		Debug|Any CPU = Debug|Any CPU
		Release|Any CPU = Release|Any CPU
	EndGlobalSection
	GlobalSection(ProjectConfigurationPlatforms) = postSolution
		{927B5F9A-2F1E-4225-8498-141B319AC6C8}.Debug|Any CPU.ActiveCfg = Debug|Any CPU
		{927B5F9A-2F1E-4225-8498-141B319AC6C8}.Debug|Any CPU.Build.0 = Debug|Any CPU
		{927B5F9A-2F1E-4225-8498-141B319AC6C8}.Release|Any CPU.ActiveCfg = Release|Any CPU
		{927B5F9A-2F1E-4225-8498-141B319AC6C8}.Release|Any CPU.Build.0 = Release|Any CPU
	EndGlobalSection
	GlobalSection(SolutionProperties) = preSolution
		HideSolutionNode = FALSE
	EndGlobalSection
	GlobalSection(ExtensibilityGlobals) = postSolution
		SolutionGuid = {FA6B688D-A368-4D79-B3F3-2BFCB5D46453}
	EndGlobalSection
EndGlobal
