
Microsoft Visual Studio Solution File, Format Version 12.00
# Visual Studio Version 16
VisualStudioVersion = 16.0.32929.386
MinimumVisualStudioVersion = 10.0.40219.1
Project("{FAE04EC0-301F-11D3-BF4B-00C04F79EFBC}") = "Exercicio_matriz_extra2", "Exercicio_matriz_extra2\Exercicio_matriz_extra2.csproj", "{0E2A3E7C-3E80-4D81-B4E1-5351CA390E32}"
EndProject
Global
	GlobalSection(SolutionConfigurationPlatforms) = preSolution
		Debug|Any CPU = Debug|Any CPU
		Release|Any CPU = Release|Any CPU
	EndGlobalSection
	GlobalSection(ProjectConfigurationPlatforms) = postSolution
		{0E2A3E7C-3E80-4D81-B4E1-5351CA390E32}.Debug|Any CPU.ActiveCfg = Debug|Any CPU
		{0E2A3E7C-3E80-4D81-B4E1-5351CA390E32}.Debug|Any CPU.Build.0 = Debug|Any CPU
		{0E2A3E7C-3E80-4D81-B4E1-5351CA390E32}.Release|Any CPU.ActiveCfg = Release|Any CPU
		{0E2A3E7C-3E80-4D81-B4E1-5351CA390E32}.Release|Any CPU.Build.0 = Release|Any CPU
	EndGlobalSection
	GlobalSection(SolutionProperties) = preSolution
		HideSolutionNode = FALSE
	EndGlobalSection
	GlobalSection(ExtensibilityGlobals) = postSolution
		SolutionGuid = {D1E3D37F-48EE-4B86-954F-00D6D42C84F0}
	EndGlobalSection
EndGlobal
