
Microsoft Visual Studio Solution File, Format Version 12.00
# Visual Studio Version 17
VisualStudioVersion = 17.2.32630.192
MinimumVisualStudioVersion = 10.0.40219.1
Project("{FAE04EC0-301F-11D3-BF4B-00C04F79EFBC}") = "EX16_lista_exercicio", "EX16_lista_exercicio\EX16_lista_exercicio.csproj", "{C1AE6BFD-9D0B-4FF4-A989-47B648478757}"
EndProject
Global
	GlobalSection(SolutionConfigurationPlatforms) = preSolution
		Debug|Any CPU = Debug|Any CPU
		Release|Any CPU = Release|Any CPU
	EndGlobalSection
	GlobalSection(ProjectConfigurationPlatforms) = postSolution
		{C1AE6BFD-9D0B-4FF4-A989-47B648478757}.Debug|Any CPU.ActiveCfg = Debug|Any CPU
		{C1AE6BFD-9D0B-4FF4-A989-47B648478757}.Debug|Any CPU.Build.0 = Debug|Any CPU
		{C1AE6BFD-9D0B-4FF4-A989-47B648478757}.Release|Any CPU.ActiveCfg = Release|Any CPU
		{C1AE6BFD-9D0B-4FF4-A989-47B648478757}.Release|Any CPU.Build.0 = Release|Any CPU
	EndGlobalSection
	GlobalSection(SolutionProperties) = preSolution
		HideSolutionNode = FALSE
	EndGlobalSection
	GlobalSection(ExtensibilityGlobals) = postSolution
		SolutionGuid = {659C31D7-1222-45A7-807A-CE0071E74F00}
	EndGlobalSection
EndGlobal
