
Microsoft Visual Studio Solution File, Format Version 12.00
# Visual Studio Version 17
VisualStudioVersion = 17.2.32630.192
MinimumVisualStudioVersion = 10.0.40219.1
Project("{FAE04EC0-301F-11D3-BF4B-00C04F79EFBC}") = "N1_2bi_exe11", "N1_2bi_exe11\N1_2bi_exe11.csproj", "{298FD2C4-333B-4DF8-B588-DB38282F991C}"
EndProject
Global
	GlobalSection(SolutionConfigurationPlatforms) = preSolution
		Debug|Any CPU = Debug|Any CPU
		Release|Any CPU = Release|Any CPU
	EndGlobalSection
	GlobalSection(ProjectConfigurationPlatforms) = postSolution
		{298FD2C4-333B-4DF8-B588-DB38282F991C}.Debug|Any CPU.ActiveCfg = Debug|Any CPU
		{298FD2C4-333B-4DF8-B588-DB38282F991C}.Debug|Any CPU.Build.0 = Debug|Any CPU
		{298FD2C4-333B-4DF8-B588-DB38282F991C}.Release|Any CPU.ActiveCfg = Release|Any CPU
		{298FD2C4-333B-4DF8-B588-DB38282F991C}.Release|Any CPU.Build.0 = Release|Any CPU
	EndGlobalSection
	GlobalSection(SolutionProperties) = preSolution
		HideSolutionNode = FALSE
	EndGlobalSection
	GlobalSection(ExtensibilityGlobals) = postSolution
		SolutionGuid = {973819CE-00A2-4811-ABDF-865A63CC94DB}
	EndGlobalSection
EndGlobal
