
Microsoft Visual Studio Solution File, Format Version 12.00
# Visual Studio Version 16
VisualStudioVersion = 16.0.32002.261
MinimumVisualStudioVersion = 10.0.40219.1
Project("{FAE04EC0-301F-11D3-BF4B-00C04F79EFBC}") = "Ex24_lista_exercicio", "Ex24_lista_exercicio\Ex24_lista_exercicio.csproj", "{72353015-67CD-4C6E-B3A0-07E7B633A8A5}"
EndProject
Global
	GlobalSection(SolutionConfigurationPlatforms) = preSolution
		Debug|Any CPU = Debug|Any CPU
		Release|Any CPU = Release|Any CPU
	EndGlobalSection
	GlobalSection(ProjectConfigurationPlatforms) = postSolution
		{72353015-67CD-4C6E-B3A0-07E7B633A8A5}.Debug|Any CPU.ActiveCfg = Debug|Any CPU
		{72353015-67CD-4C6E-B3A0-07E7B633A8A5}.Debug|Any CPU.Build.0 = Debug|Any CPU
		{72353015-67CD-4C6E-B3A0-07E7B633A8A5}.Release|Any CPU.ActiveCfg = Release|Any CPU
		{72353015-67CD-4C6E-B3A0-07E7B633A8A5}.Release|Any CPU.Build.0 = Release|Any CPU
	EndGlobalSection
	GlobalSection(SolutionProperties) = preSolution
		HideSolutionNode = FALSE
	EndGlobalSection
	GlobalSection(ExtensibilityGlobals) = postSolution
		SolutionGuid = {193EAE29-3440-4FD6-A639-A9B28664627B}
	EndGlobalSection
EndGlobal
